{
    "version": 3,
    "terraform_version": "0.11.8",
    "serial": 26,
    "lineage": "a0e364d5-84cc-e7b4-0510-830f56e7d466",
    "modules": [
        {
            "path": [
                "root"
            ],
            "outputs": {
                "dns_public_nginx01": {
                    "sensitive": false,
                    "type": "string",
                    "value": "ec2-35-180-39-30.eu-west-3.compute.amazonaws.com"
                },
                "public_ip_nginx01": {
                    "sensitive": false,
                    "type": "string",
                    "value": "35.180.39.30"
                }
            },
            "resources": {
                "aws_db_instance.DBweb": {
                    "type": "aws_db_instance",
                    "depends_on": [
                        "aws_security_group.DBweb_SEC"
                    ],
                    "primary": {
                        "id": "terraform-20181012185152609300000001",
                        "attributes": {
                            "address": "terraform-20181012185152609300000001.cyys4rqwgvrk.eu-west-3.rds.amazonaws.com",
                            "allocated_storage": "10",
                            "arn": "arn:aws:rds:eu-west-3:018013367336:db:terraform-20181012185152609300000001",
                            "auto_minor_version_upgrade": "true",
                            "availability_zone": "eu-west-3c",
                            "backup_retention_period": "0",
                            "backup_window": "10:49-11:19",
                            "ca_cert_identifier": "rds-ca-2015",
                            "copy_tags_to_snapshot": "false",
                            "db_subnet_group_name": "default",
                            "deletion_protection": "false",
                            "domain": "",
                            "domain_iam_role_name": "",
                            "enabled_cloudwatch_logs_exports.#": "0",
                            "endpoint": "terraform-20181012185152609300000001.cyys4rqwgvrk.eu-west-3.rds.amazonaws.com:3306",
                            "engine": "mariadb",
                            "engine_version": "10.2.12",
                            "hosted_zone_id": "ZMESEXB7ZGGQ3",
                            "iam_database_authentication_enabled": "false",
                            "id": "terraform-20181012185152609300000001",
                            "identifier": "terraform-20181012185152609300000001",
                            "instance_class": "db.t2.micro",
                            "iops": "0",
                            "kms_key_id": "",
                            "license_model": "general-public-license",
                            "maintenance_window": "fri:00:20-fri:00:50",
                            "monitoring_interval": "0",
                            "multi_az": "false",
                            "name": "DBweb",
                            "option_group_name": "default:mariadb-10-2",
                            "parameter_group_name": "default.mariadb10.2",
                            "password": "User.123",
                            "port": "3306",
                            "publicly_accessible": "false",
                            "replicas.#": "0",
                            "replicate_source_db": "",
                            "resource_id": "db-LOTHKC6YTGDBWDZMQSHXJJZ7DY",
                            "security_group_names.#": "0",
                            "skip_final_snapshot": "false",
                            "status": "available",
                            "storage_encrypted": "false",
                            "storage_type": "standard",
                            "tags.%": "0",
                            "timezone": "",
                            "username": "Nico",
                            "vpc_security_group_ids.#": "1",
                            "vpc_security_group_ids.2045726074": "sg-0eb2b5deb4d82a5b3"
                        },
                        "meta": {
                            "e2bfb730-ecaa-11e6-8f88-34363bc7c4c0": {
                                "create": 2400000000000,
                                "delete": 2400000000000,
                                "update": 4800000000000
                            }
                        },
                        "tainted": false
                    },
                    "deposed": [],
                    "provider": "provider.aws"
                },
                "aws_instance.nginx01": {
                    "type": "aws_instance",
                    "depends_on": [
                        "aws_security_group.nginx01_SEC"
                    ],
                    "primary": {
                        "id": "i-097ca58367dc6497b",
                        "attributes": {
                            "ami": "ami-075b44448d2276521",
                            "arn": "arn:aws:ec2:eu-west-3:018013367336:instance/i-097ca58367dc6497b",
                            "associate_public_ip_address": "true",
                            "availability_zone": "eu-west-3c",
                            "cpu_core_count": "1",
                            "cpu_threads_per_core": "1",
                            "credit_specification.#": "1",
                            "credit_specification.0.cpu_credits": "standard",
                            "disable_api_termination": "false",
                            "ebs_block_device.#": "0",
                            "ebs_optimized": "false",
                            "ephemeral_block_device.#": "0",
                            "get_password_data": "false",
                            "iam_instance_profile": "",
                            "id": "i-097ca58367dc6497b",
                            "instance_state": "running",
                            "instance_type": "t2.micro",
                            "ipv6_addresses.#": "0",
                            "key_name": "NicoKey",
                            "monitoring": "false",
                            "network_interface.#": "0",
                            "network_interface_id": "eni-0349bdf66719d7299",
                            "password_data": "",
                            "placement_group": "",
                            "primary_network_interface_id": "eni-0349bdf66719d7299",
                            "private_dns": "ip-172-31-45-255.eu-west-3.compute.internal",
                            "private_ip": "172.31.45.255",
                            "public_dns": "ec2-35-180-39-30.eu-west-3.compute.amazonaws.com",
                            "public_ip": "35.180.39.30",
                            "root_block_device.#": "1",
                            "root_block_device.0.delete_on_termination": "true",
                            "root_block_device.0.iops": "100",
                            "root_block_device.0.volume_id": "vol-0e4197aa5e5b30a7c",
                            "root_block_device.0.volume_size": "8",
                            "root_block_device.0.volume_type": "gp2",
                            "security_groups.#": "1",
                            "security_groups.1128597515": "Sec_GRP_WEB",
                            "source_dest_check": "true",
                            "subnet_id": "subnet-3de74270",
                            "tags.%": "1",
                            "tags.Name": "nginx01",
                            "tenancy": "default",
                            "volume_tags.%": "0",
                            "vpc_security_group_ids.#": "1",
                            "vpc_security_group_ids.542670678": "sg-0bd5be04eddb83cb4"
                        },
                        "meta": {
                            "e2bfb730-ecaa-11e6-8f88-34363bc7c4c0": {
                                "create": 600000000000,
                                "delete": 1200000000000,
                                "update": 600000000000
                            },
                            "schema_version": "1"
                        },
                        "tainted": false
                    },
                    "deposed": [],
                    "provider": "provider.aws"
                },
                "aws_security_group.DBweb_SEC": {
                    "type": "aws_security_group",
                    "depends_on": [],
                    "primary": {
                        "id": "sg-0eb2b5deb4d82a5b3",
                        "attributes": {
                            "arn": "arn:aws:ec2:eu-west-3:018013367336:security-group/sg-0eb2b5deb4d82a5b3",
                            "description": "Managed by Terraform",
                            "egress.#": "1",
                            "egress.482069346.cidr_blocks.#": "1",
                            "egress.482069346.cidr_blocks.0": "0.0.0.0/0",
                            "egress.482069346.description": "",
                            "egress.482069346.from_port": "0",
                            "egress.482069346.ipv6_cidr_blocks.#": "0",
                            "egress.482069346.prefix_list_ids.#": "0",
                            "egress.482069346.protocol": "-1",
                            "egress.482069346.security_groups.#": "0",
                            "egress.482069346.self": "false",
                            "egress.482069346.to_port": "0",
                            "id": "sg-0eb2b5deb4d82a5b3",
                            "ingress.#": "1",
                            "ingress.1163740523.cidr_blocks.#": "1",
                            "ingress.1163740523.cidr_blocks.0": "0.0.0.0/0",
                            "ingress.1163740523.description": "",
                            "ingress.1163740523.from_port": "3306",
                            "ingress.1163740523.ipv6_cidr_blocks.#": "0",
                            "ingress.1163740523.prefix_list_ids.#": "0",
                            "ingress.1163740523.protocol": "tcp",
                            "ingress.1163740523.security_groups.#": "0",
                            "ingress.1163740523.self": "false",
                            "ingress.1163740523.to_port": "3306",
                            "name": "Sec_GRP_DB",
                            "owner_id": "018013367336",
                            "revoke_rules_on_delete": "false",
                            "tags.%": "0",
                            "vpc_id": "vpc-fdd98a94"
                        },
                        "meta": {
                            "e2bfb730-ecaa-11e6-8f88-34363bc7c4c0": {
                                "create": 600000000000,
                                "delete": 600000000000
                            },
                            "schema_version": "1"
                        },
                        "tainted": false
                    },
                    "deposed": [],
                    "provider": "provider.aws"
                },
                "aws_security_group.nginx01_SEC": {
                    "type": "aws_security_group",
                    "depends_on": [],
                    "primary": {
                        "id": "sg-0bd5be04eddb83cb4",
                        "attributes": {
                            "arn": "arn:aws:ec2:eu-west-3:018013367336:security-group/sg-0bd5be04eddb83cb4",
                            "description": "Managed by Terraform",
                            "egress.#": "1",
                            "egress.482069346.cidr_blocks.#": "1",
                            "egress.482069346.cidr_blocks.0": "0.0.0.0/0",
                            "egress.482069346.description": "",
                            "egress.482069346.from_port": "0",
                            "egress.482069346.ipv6_cidr_blocks.#": "0",
                            "egress.482069346.prefix_list_ids.#": "0",
                            "egress.482069346.protocol": "-1",
                            "egress.482069346.security_groups.#": "0",
                            "egress.482069346.self": "false",
                            "egress.482069346.to_port": "0",
                            "id": "sg-0bd5be04eddb83cb4",
                            "ingress.#": "2",
                            "ingress.2214680975.cidr_blocks.#": "1",
                            "ingress.2214680975.cidr_blocks.0": "0.0.0.0/0",
                            "ingress.2214680975.description": "",
                            "ingress.2214680975.from_port": "80",
                            "ingress.2214680975.ipv6_cidr_blocks.#": "0",
                            "ingress.2214680975.prefix_list_ids.#": "0",
                            "ingress.2214680975.protocol": "tcp",
                            "ingress.2214680975.security_groups.#": "0",
                            "ingress.2214680975.self": "false",
                            "ingress.2214680975.to_port": "80",
                            "ingress.2541437006.cidr_blocks.#": "1",
                            "ingress.2541437006.cidr_blocks.0": "0.0.0.0/0",
                            "ingress.2541437006.description": "",
                            "ingress.2541437006.from_port": "22",
                            "ingress.2541437006.ipv6_cidr_blocks.#": "0",
                            "ingress.2541437006.prefix_list_ids.#": "0",
                            "ingress.2541437006.protocol": "tcp",
                            "ingress.2541437006.security_groups.#": "0",
                            "ingress.2541437006.self": "false",
                            "ingress.2541437006.to_port": "22",
                            "name": "Sec_GRP_WEB",
                            "owner_id": "018013367336",
                            "revoke_rules_on_delete": "false",
                            "tags.%": "0",
                            "vpc_id": "vpc-fdd98a94"
                        },
                        "meta": {
                            "e2bfb730-ecaa-11e6-8f88-34363bc7c4c0": {
                                "create": 600000000000,
                                "delete": 600000000000
                            },
                            "schema_version": "1"
                        },
                        "tainted": false
                    },
                    "deposed": [],
                    "provider": "provider.aws"
                }
            },
            "depends_on": []
        }
    ]
}
